// !$*UTF8*$!
{
	archiveVersion = 1;
	classes = {
	};
	objectVersion = 56;
	objects = {

/* Begin PBXBuildFile section */
		465AA093295BFAD300F9052E /* AppDelegate.swift in Sources */ = {isa = PBXBuildFile; fileRef = 465AA092295BFAD300F9052E /* AppDelegate.swift */; };
		465AA095295BFAD300F9052E /* SceneDelegate.swift in Sources */ = {isa = PBXBuildFile; fileRef = 465AA094295BFAD300F9052E /* SceneDelegate.swift */; };
		465AA097295BFAD300F9052E /* ViewController.swift in Sources */ = {isa = PBXBuildFile; fileRef = 465AA096295BFAD300F9052E /* ViewController.swift */; };
		465AA09A295BFAD300F9052E /* Main.storyboard in Resources */ = {isa = PBXBuildFile; fileRef = 465AA098295BFAD300F9052E /* Main.storyboard */; };
		465AA09C295BFAD600F9052E /* Assets.xcassets in Resources */ = {isa = PBXBuildFile; fileRef = 465AA09B295BFAD600F9052E /* Assets.xcassets */; };
		465AA09F295BFAD600F9052E /* LaunchScreen.storyboard in Resources */ = {isa = PBXBuildFile; fileRef = 465AA09D295BFAD600F9052E /* LaunchScreen.storyboard */; };
		465B9E8F295D51B100891094 /* Comment.storyboard in Resources */ = {isa = PBXBuildFile; fileRef = 465B9E8E295D51B100891094 /* Comment.storyboard */; };
		465B9E91295D520600891094 /* CommentViewController.swift in Sources */ = {isa = PBXBuildFile; fileRef = 465B9E90295D520600891094 /* CommentViewController.swift */; };
		465BDF38295EA25300AD7039 /* Likes.storyboard in Resources */ = {isa = PBXBuildFile; fileRef = 465BDF37295EA25300AD7039 /* Likes.storyboard */; };
		465BDF3E295EA32100AD7039 /* Profile.storyboard in Resources */ = {isa = PBXBuildFile; fileRef = 465BDF3D295EA32100AD7039 /* Profile.storyboard */; };
		465BDF40295EA34300AD7039 /* ProfileViewController.swift in Sources */ = {isa = PBXBuildFile; fileRef = 465BDF3F295EA34300AD7039 /* ProfileViewController.swift */; };
		465BDF42295EA36800AD7039 /* LikesViewController.swift in Sources */ = {isa = PBXBuildFile; fileRef = 465BDF41295EA36800AD7039 /* LikesViewController.swift */; };
		467B022D295C248700A38810 /* CollectionCell.swift in Sources */ = {isa = PBXBuildFile; fileRef = 467B022C295C248700A38810 /* CollectionCell.swift */; };
		467B022F295C24A300A38810 /* TableCell.swift in Sources */ = {isa = PBXBuildFile; fileRef = 467B022E295C24A300A38810 /* TableCell.swift */; };
		467B0231295C472100A38810 /* TableCellPost.swift in Sources */ = {isa = PBXBuildFile; fileRef = 467B0230295C472100A38810 /* TableCellPost.swift */; };
		467B0233295C750800A38810 /* Datastruct.swift in Sources */ = {isa = PBXBuildFile; fileRef = 467B0232295C750800A38810 /* Datastruct.swift */; };
/* End PBXBuildFile section */

/* Begin PBXFileReference section */
		465AA08F295BFAD300F9052E /* test.app */ = {isa = PBXFileReference; explicitFileType = wrapper.application; includeInIndex = 0; path = test.app; sourceTree = BUILT_PRODUCTS_DIR; };
		465AA092295BFAD300F9052E /* AppDelegate.swift */ = {isa = PBXFileReference; lastKnownFileType = sourcecode.swift; path = AppDelegate.swift; sourceTree = "<group>"; };
		465AA094295BFAD300F9052E /* SceneDelegate.swift */ = {isa = PBXFileReference; lastKnownFileType = sourcecode.swift; path = SceneDelegate.swift; sourceTree = "<group>"; };
		465AA096295BFAD300F9052E /* ViewController.swift */ = {isa = PBXFileReference; lastKnownFileType = sourcecode.swift; path = ViewController.swift; sourceTree = "<group>"; };
		465AA099295BFAD300F9052E /* Base */ = {isa = PBXFileReference; lastKnownFileType = file.storyboard; name = Base; path = Base.lproj/Main.storyboard; sourceTree = "<group>"; };
		465AA09B295BFAD600F9052E /* Assets.xcassets */ = {isa = PBXFileReference; lastKnownFileType = folder.assetcatalog; path = Assets.xcassets; sourceTree = "<group>"; };
		465AA09E295BFAD600F9052E /* Base */ = {isa = PBXFileReference; lastKnownFileType = file.storyboard; name = Base; path = Base.lproj/LaunchScreen.storyboard; sourceTree = "<group>"; };
		465AA0A0295BFAD600F9052E /* Info.plist */ = {isa = PBXFileReference; lastKnownFileType = text.plist.xml; path = Info.plist; sourceTree = "<group>"; };
		465B9E8E295D51B100891094 /* Comment.storyboard */ = {isa = PBXFileReference; lastKnownFileType = file.storyboard; path = Comment.storyboard; sourceTree = "<group>"; };
		465B9E90295D520600891094 /* CommentViewController.swift */ = {isa = PBXFileReference; lastKnownFileType = sourcecode.swift; path = CommentViewController.swift; sourceTree = "<group>"; };
		465BDF37295EA25300AD7039 /* Likes.storyboard */ = {isa = PBXFileReference; lastKnownFileType = file.storyboard; path = Likes.storyboard; sourceTree = "<group>"; };
		465BDF3D295EA32100AD7039 /* Profile.storyboard */ = {isa = PBXFileReference; lastKnownFileType = file.storyboard; path = Profile.storyboard; sourceTree = "<group>"; };
		465BDF3F295EA34300AD7039 /* ProfileViewController.swift */ = {isa = PBXFileReference; lastKnownFileType = sourcecode.swift; path = ProfileViewController.swift; sourceTree = "<group>"; };
		465BDF41295EA36800AD7039 /* LikesViewController.swift */ = {isa = PBXFileReference; lastKnownFileType = sourcecode.swift; path = LikesViewController.swift; sourceTree = "<group>"; };
		467B022C295C248700A38810 /* CollectionCell.swift */ = {isa = PBXFileReference; lastKnownFileType = sourcecode.swift; path = CollectionCell.swift; sourceTree = "<group>"; };
		467B022E295C24A300A38810 /* TableCell.swift */ = {isa = PBXFileReference; lastKnownFileType = sourcecode.swift; path = TableCell.swift; sourceTree = "<group>"; };
		467B0230295C472100A38810 /* TableCellPost.swift */ = {isa = PBXFileReference; lastKnownFileType = sourcecode.swift; path = TableCellPost.swift; sourceTree = "<group>"; };
		467B0232295C750800A38810 /* Datastruct.swift */ = {isa = PBXFileReference; lastKnownFileType = sourcecode.swift; path = Datastruct.swift; sourceTree = "<group>"; };
/* End PBXFileReference section */

/* Begin PBXFrameworksBuildPhase section */
		465AA08C295BFAD300F9052E /* Frameworks */ = {
			isa = PBXFrameworksBuildPhase;
			buildActionMask = 2147483647;
			files = (
			);
			runOnlyForDeploymentPostprocessing = 0;
		};
/* End PBXFrameworksBuildPhase section */

/* Begin PBXGroup section */
		465AA086295BFAD300F9052E = {
			isa = PBXGroup;
			children = (
				465AA091295BFAD300F9052E /* test */,
				465AA090295BFAD300F9052E /* Products */,
			);
			sourceTree = "<group>";
		};
		465AA090295BFAD300F9052E /* Products */ = {
			isa = PBXGroup;
			children = (
				465AA08F295BFAD300F9052E /* test.app */,
			);
			name = Products;
			sourceTree = "<group>";
		};
		465AA091295BFAD300F9052E /* test */ = {
			isa = PBXGroup;
			children = (
				465BDF39295EA2C900AD7039 /* Profile */,
				465BDF33295EA20500AD7039 /* Likes */,
				465B9E8A295D510E00891094 /* Commets */,
				465B9E86295D506100891094 /* HomePage */,
				465AA09B295BFAD600F9052E /* Assets.xcassets */,
				465AA0A0295BFAD600F9052E /* Info.plist */,
			);
			path = test;
			sourceTree = "<group>";
		};
		465B9E86295D506100891094 /* HomePage */ = {
			isa = PBXGroup;
			children = (
				465B9E89295D509300891094 /* controller */,
				465B9E88295D508C00891094 /* view */,
				465B9E87295D508300891094 /* model */,
			);
			path = HomePage;
			sourceTree = "<group>";
		};
		465B9E87295D508300891094 /* model */ = {
			isa = PBXGroup;
			children = (
				465AA094295BFAD300F9052E /* SceneDelegate.swift */,
				465AA092295BFAD300F9052E /* AppDelegate.swift */,
				467B0232295C750800A38810 /* Datastruct.swift */,
			);
			path = model;
			sourceTree = "<group>";
		};
		465B9E88295D508C00891094 /* view */ = {
			isa = PBXGroup;
			children = (
				465AA098295BFAD300F9052E /* Main.storyboard */,
				465AA09D295BFAD600F9052E /* LaunchScreen.storyboard */,
			);
			path = view;
			sourceTree = "<group>";
		};
		465B9E89295D509300891094 /* controller */ = {
			isa = PBXGroup;
			children = (
				465AA096295BFAD300F9052E /* ViewController.swift */,
				467B022C295C248700A38810 /* CollectionCell.swift */,
				467B022E295C24A300A38810 /* TableCell.swift */,
				467B0230295C472100A38810 /* TableCellPost.swift */,
			);
			path = controller;
			sourceTree = "<group>";
		};
		465B9E8A295D510E00891094 /* Commets */ = {
			isa = PBXGroup;
			children = (
				465B9E8D295D513900891094 /* controller */,
				465B9E8C295D513000891094 /* view */,
				465B9E8B295D512000891094 /* model */,
			);
			path = Commets;
			sourceTree = "<group>";
		};
		465B9E8B295D512000891094 /* model */ = {
			isa = PBXGroup;
			children = (
			);
			path = model;
			sourceTree = "<group>";
		};
		465B9E8C295D513000891094 /* view */ = {
			isa = PBXGroup;
			children = (
				465B9E8E295D51B100891094 /* Comment.storyboard */,
			);
			path = view;
			sourceTree = "<group>";
		};
		465B9E8D295D513900891094 /* controller */ = {
			isa = PBXGroup;
			children = (
				465B9E90295D520600891094 /* CommentViewController.swift */,
			);
			path = controller;
			sourceTree = "<group>";
		};
		465BDF33295EA20500AD7039 /* Likes */ = {
			isa = PBXGroup;
			children = (
				465BDF36295EA22D00AD7039 /* Controller */,
				465BDF35295EA22200AD7039 /* View */,
				465BDF34295EA21300AD7039 /* Model */,
			);
			path = Likes;
			sourceTree = "<group>";
		};
		465BDF34295EA21300AD7039 /* Model */ = {
			isa = PBXGroup;
			children = (
			);
			path = Model;
			sourceTree = "<group>";
		};
		465BDF35295EA22200AD7039 /* View */ = {
			isa = PBXGroup;
			children = (
				465BDF37295EA25300AD7039 /* Likes.storyboard */,
			);
			path = View;
			sourceTree = "<group>";
		};
		465BDF36295EA22D00AD7039 /* Controller */ = {
			isa = PBXGroup;
			children = (
				465BDF41295EA36800AD7039 /* LikesViewController.swift */,
			);
			path = Controller;
			sourceTree = "<group>";
		};
		465BDF39295EA2C900AD7039 /* Profile */ = {
			isa = PBXGroup;
			children = (
				465BDF3C295EA2EE00AD7039 /* Controller */,
				465BDF3B295EA2E700AD7039 /* View */,
				465BDF3A295EA2DF00AD7039 /* Model */,
			);
			path = Profile;
			sourceTree = "<group>";
		};
		465BDF3A295EA2DF00AD7039 /* Model */ = {
			isa = PBXGroup;
			children = (
			);
			path = Model;
			sourceTree = "<group>";
		};
		465BDF3B295EA2E700AD7039 /* View */ = {
			isa = PBXGroup;
			children = (
				465BDF3D295EA32100AD7039 /* Profile.storyboard */,
			);
			path = View;
			sourceTree = "<group>";
		};
		465BDF3C295EA2EE00AD7039 /* Controller */ = {
			isa = PBXGroup;
			children = (
				465BDF3F295EA34300AD7039 /* ProfileViewController.swift */,
			);
			path = Controller;
			sourceTree = "<group>";
		};
/* End PBXGroup section */

/* Begin PBXNativeTarget section */
		465AA08E295BFAD300F9052E /* test */ = {
			isa = PBXNativeTarget;
			buildConfigurationList = 465AA0A3295BFAD600F9052E /* Build configuration list for PBXNativeTarget "test" */;
			buildPhases = (
				465AA08B295BFAD300F9052E /* Sources */,
				465AA08C295BFAD300F9052E /* Frameworks */,
				465AA08D295BFAD300F9052E /* Resources */,
			);
			buildRules = (
			);
			dependencies = (
			);
			name = test;
			productName = test;
			productReference = 465AA08F295BFAD300F9052E /* test.app */;
			productType = "com.apple.product-type.application";
		};
/* End PBXNativeTarget section */

/* Begin PBXProject section */
		465AA087295BFAD300F9052E /* Project object */ = {
			isa = PBXProject;
			attributes = {
				BuildIndependentTargetsInParallel = 1;
				LastSwiftUpdateCheck = 1410;
				LastUpgradeCheck = 1410;
				TargetAttributes = {
					465AA08E295BFAD300F9052E = {
						CreatedOnToolsVersion = 14.1;
					};
				};
			};
			buildConfigurationList = 465AA08A295BFAD300F9052E /* Build configuration list for PBXProject "test" */;
			compatibilityVersion = "Xcode 14.0";
			developmentRegion = en;
			hasScannedForEncodings = 0;
			knownRegions = (
				en,
				Base,
			);
			mainGroup = 465AA086295BFAD300F9052E;
			productRefGroup = 465AA090295BFAD300F9052E /* Products */;
			projectDirPath = "";
			projectRoot = "";
			targets = (
				465AA08E295BFAD300F9052E /* test */,
			);
		};
/* End PBXProject section */

/* Begin PBXResourcesBuildPhase section */
		465AA08D295BFAD300F9052E /* Resources */ = {
			isa = PBXResourcesBuildPhase;
			buildActionMask = 2147483647;
			files = (
				465BDF3E295EA32100AD7039 /* Profile.storyboard in Resources */,
				465B9E8F295D51B100891094 /* Comment.storyboard in Resources */,
				465AA09F295BFAD600F9052E /* LaunchScreen.storyboard in Resources */,
				465BDF38295EA25300AD7039 /* Likes.storyboard in Resources */,
				465AA09C295BFAD600F9052E /* Assets.xcassets in Resources */,
				465AA09A295BFAD300F9052E /* Main.storyboard in Resources */,
			);
			runOnlyForDeploymentPostprocessing = 0;
		};
/* End PBXResourcesBuildPhase section */

/* Begin PBXSourcesBuildPhase section */
		465AA08B295BFAD300F9052E /* Sources */ = {
			isa = PBXSourcesBuildPhase;
			buildActionMask = 2147483647;
			files = (
				465B9E91295D520600891094 /* CommentViewController.swift in Sources */,
				465BDF42295EA36800AD7039 /* LikesViewController.swift in Sources */,
				467B022F295C24A300A38810 /* TableCell.swift in Sources */,
				465AA097295BFAD300F9052E /* ViewController.swift in Sources */,
				467B0231295C472100A38810 /* TableCellPost.swift in Sources */,
				465AA093295BFAD300F9052E /* AppDelegate.swift in Sources */,
				467B0233295C750800A38810 /* Datastruct.swift in Sources */,
				465BDF40295EA34300AD7039 /* ProfileViewController.swift in Sources */,
				465AA095295BFAD300F9052E /* SceneDelegate.swift in Sources */,
				467B022D295C248700A38810 /* CollectionCell.swift in Sources */,
			);
			runOnlyForDeploymentPostprocessing = 0;
		};
/* End PBXSourcesBuildPhase section */

/* Begin PBXVariantGroup section */
		465AA098295BFAD300F9052E /* Main.storyboard */ = {
			isa = PBXVariantGroup;
			children = (
				465AA099295BFAD300F9052E /* Base */,
			);
			name = Main.storyboard;
			sourceTree = "<group>";
		};
		465AA09D295BFAD600F9052E /* LaunchScreen.storyboard */ = {
			isa = PBXVariantGroup;
			children = (
				465AA09E295BFAD600F9052E /* Base */,
			);
			name = LaunchScreen.storyboard;
			sourceTree = "<group>";
		};
/* End PBXVariantGroup section */

/* Begin XCBuildConfiguration section */
		465AA0A1295BFAD600F9052E /* Debug */ = {
			isa = XCBuildConfiguration;
			buildSettings = {
				ALWAYS_SEARCH_USER_PATHS = NO;
				CLANG_ANALYZER_NONNULL = YES;
				CLANG_ANALYZER_NUMBER_OBJECT_CONVERSION = YES_AGGRESSIVE;
				CLANG_CXX_LANGUAGE_STANDARD = "gnu++20";
				CLANG_ENABLE_MODULES = YES;
				CLANG_ENABLE_OBJC_ARC = YES;
				CLANG_ENABLE_OBJC_WEAK = YES;
				CLANG_WARN_BLOCK_CAPTURE_AUTORELEASING = YES;
				CLANG_WARN_BOOL_CONVERSION = YES;
				CLANG_WARN_COMMA = YES;
				CLANG_WARN_CONSTANT_CONVERSION = YES;
				CLANG_WARN_DEPRECATED_OBJC_IMPLEMENTATIONS = YES;
				CLANG_WARN_DIRECT_OBJC_ISA_USAGE = YES_ERROR;
				CLANG_WARN_DOCUMENTATION_COMMENTS = YES;
				CLANG_WARN_EMPTY_BODY = YES;
				CLANG_WARN_ENUM_CONVERSION = YES;
				CLANG_WARN_INFINITE_RECURSION = YES;
				CLANG_WARN_INT_CONVERSION = YES;
				CLANG_WARN_NON_LITERAL_NULL_CONVERSION = YES;
				CLANG_WARN_OBJC_IMPLICIT_RETAIN_SELF = YES;
				CLANG_WARN_OBJC_LITERAL_CONVERSION = YES;
				CLANG_WARN_OBJC_ROOT_CLASS = YES_ERROR;
				CLANG_WARN_QUOTED_INCLUDE_IN_FRAMEWORK_HEADER = YES;
				CLANG_WARN_RANGE_LOOP_ANALYSIS = YES;
				CLANG_WARN_STRICT_PROTOTYPES = YES;
				CLANG_WARN_SUSPICIOUS_MOVE = YES;
				CLANG_WARN_UNGUARDED_AVAILABILITY = YES_AGGRESSIVE;
				CLANG_WARN_UNREACHABLE_CODE = YES;
				CLANG_WARN__DUPLICATE_METHOD_MATCH = YES;
				COPY_PHASE_STRIP = NO;
				DEBUG_INFORMATION_FORMAT = dwarf;
				ENABLE_STRICT_OBJC_MSGSEND = YES;
				ENABLE_TESTABILITY = YES;
				GCC_C_LANGUAGE_STANDARD = gnu11;
				GCC_DYNAMIC_NO_PIC = NO;
				GCC_NO_COMMON_BLOCKS = YES;
				GCC_OPTIMIZATION_LEVEL = 0;
				GCC_PREPROCESSOR_DEFINITIONS = (
					"DEBUG=1",
					"$(inherited)",
				);
				GCC_WARN_64_TO_32_BIT_CONVERSION = YES;
				GCC_WARN_ABOUT_RETURN_TYPE = YES_ERROR;
				GCC_WARN_UNDECLARED_SELECTOR = YES;
				GCC_WARN_UNINITIALIZED_AUTOS = YES_AGGRESSIVE;
				GCC_WARN_UNUSED_FUNCTION = YES;
				GCC_WARN_UNUSED_VARIABLE = YES;
				IPHONEOS_DEPLOYMENT_TARGET = 16.1;
				MTL_ENABLE_DEBUG_INFO = INCLUDE_SOURCE;
				MTL_FAST_MATH = YES;
				ONLY_ACTIVE_ARCH = YES;
				SDKROOT = iphoneos;
				SWIFT_ACTIVE_COMPILATION_CONDITIONS = DEBUG;
				SWIFT_OPTIMIZATION_LEVEL = "-Onone";
			};
			name = Debug;
		};
		465AA0A2295BFAD600F9052E /* Release */ = {
			isa = XCBuildConfiguration;
			buildSettings = {
				ALWAYS_SEARCH_USER_PATHS = NO;
				CLANG_ANALYZER_NONNULL = YES;
				CLANG_ANALYZER_NUMBER_OBJECT_CONVERSION = YES_AGGRESSIVE;
				CLANG_CXX_LANGUAGE_STANDARD = "gnu++20";
				CLANG_ENABLE_MODULES = YES;
				CLANG_ENABLE_OBJC_ARC = YES;
				CLANG_ENABLE_OBJC_WEAK = YES;
				CLANG_WARN_BLOCK_CAPTURE_AUTORELEASING = YES;
				CLANG_WARN_BOOL_CONVERSION = YES;
				CLANG_WARN_COMMA = YES;
				CLANG_WARN_CONSTANT_CONVERSION = YES;
				CLANG_WARN_DEPRECATED_OBJC_IMPLEMENTATIONS = YES;
				CLANG_WARN_DIRECT_OBJC_ISA_USAGE = YES_ERROR;
				CLANG_WARN_DOCUMENTATION_COMMENTS = YES;
				CLANG_WARN_EMPTY_BODY = YES;
				CLANG_WARN_ENUM_CONVERSION = YES;
				CLANG_WARN_INFINITE_RECURSION = YES;
				CLANG_WARN_INT_CONVERSION = YES;
				CLANG_WARN_NON_LITERAL_NULL_CONVERSION = YES;
				CLANG_WARN_OBJC_IMPLICIT_RETAIN_SELF = YES;
				CLANG_WARN_OBJC_LITERAL_CONVERSION = YES;
				CLANG_WARN_OBJC_ROOT_CLASS = YES_ERROR;
				CLANG_WARN_QUOTED_INCLUDE_IN_FRAMEWORK_HEADER = YES;
				CLANG_WARN_RANGE_LOOP_ANALYSIS = YES;
				CLANG_WARN_STRICT_PROTOTYPES = YES;
				CLANG_WARN_SUSPICIOUS_MOVE = YES;
				CLANG_WARN_UNGUARDED_AVAILABILITY = YES_AGGRESSIVE;
				CLANG_WARN_UNREACHABLE_CODE = YES;
				CLANG_WARN__DUPLICATE_METHOD_MATCH = YES;
				COPY_PHASE_STRIP = NO;
				DEBUG_INFORMATION_FORMAT = "dwarf-with-dsym";
				ENABLE_NS_ASSERTIONS = NO;
				ENABLE_STRICT_OBJC_MSGSEND = YES;
				GCC_C_LANGUAGE_STANDARD = gnu11;
				GCC_NO_COMMON_BLOCKS = YES;
				GCC_WARN_64_TO_32_BIT_CONVERSION = YES;
				GCC_WARN_ABOUT_RETURN_TYPE = YES_ERROR;
				GCC_WARN_UNDECLARED_SELECTOR = YES;
				GCC_WARN_UNINITIALIZED_AUTOS = YES_AGGRESSIVE;
				GCC_WARN_UNUSED_FUNCTION = YES;
				GCC_WARN_UNUSED_VARIABLE = YES;
				IPHONEOS_DEPLOYMENT_TARGET = 16.1;
				MTL_ENABLE_DEBUG_INFO = NO;
				MTL_FAST_MATH = YES;
				SDKROOT = iphoneos;
				SWIFT_COMPILATION_MODE = wholemodule;
				SWIFT_OPTIMIZATION_LEVEL = "-O";
				VALIDATE_PRODUCT = YES;
			};
			name = Release;
		};
		465AA0A4295BFAD600F9052E /* Debug */ = {
			isa = XCBuildConfiguration;
			buildSettings = {
				ASSETCATALOG_COMPILER_APPICON_NAME = AppIcon;
				ASSETCATALOG_COMPILER_GLOBAL_ACCENT_COLOR_NAME = AccentColor;
				CODE_SIGN_STYLE = Automatic;
				CURRENT_PROJECT_VERSION = 1;
				GENERATE_INFOPLIST_FILE = YES;
				INFOPLIST_FILE = test/Info.plist;
				INFOPLIST_KEY_UIApplicationSupportsIndirectInputEvents = YES;
				INFOPLIST_KEY_UILaunchStoryboardName = LaunchScreen;
				INFOPLIST_KEY_UIMainStoryboardFile = Main;
				INFOPLIST_KEY_UISupportedInterfaceOrientations_iPad = "UIInterfaceOrientationPortrait UIInterfaceOrientationPortraitUpsideDown UIInterfaceOrientationLandscapeLeft UIInterfaceOrientationLandscapeRight";
				INFOPLIST_KEY_UISupportedInterfaceOrientations_iPhone = "UIInterfaceOrientationPortrait UIInterfaceOrientationLandscapeLeft UIInterfaceOrientationLandscapeRight";
				LD_RUNPATH_SEARCH_PATHS = (
					"$(inherited)",
					"@executable_path/Frameworks",
				);
				MARKETING_VERSION = 1.0;
				PRODUCT_BUNDLE_IDENTIFIER = ViewController.test;
				PRODUCT_NAME = "$(TARGET_NAME)";
				SWIFT_EMIT_LOC_STRINGS = YES;
				SWIFT_VERSION = 5.0;
				TARGETED_DEVICE_FAMILY = "1,2";
			};
			name = Debug;
		};
		465AA0A5295BFAD600F9052E /* Release */ = {
			isa = XCBuildConfiguration;
			buildSettings = {
				ASSETCATALOG_COMPILER_APPICON_NAME = AppIcon;
				ASSETCATALOG_COMPILER_GLOBAL_ACCENT_COLOR_NAME = AccentColor;
				CODE_SIGN_STYLE = Automatic;
				CURRENT_PROJECT_VERSION = 1;
				GENERATE_INFOPLIST_FILE = YES;
				INFOPLIST_FILE = test/Info.plist;
				INFOPLIST_KEY_UIApplicationSupportsIndirectInputEvents = YES;
				INFOPLIST_KEY_UILaunchStoryboardName = LaunchScreen;
				INFOPLIST_KEY_UIMainStoryboardFile = Main;
				INFOPLIST_KEY_UISupportedInterfaceOrientations_iPad = "UIInterfaceOrientationPortrait UIInterfaceOrientationPortraitUpsideDown UIInterfaceOrientationLandscapeLeft UIInterfaceOrientationLandscapeRight";
				INFOPLIST_KEY_UISupportedInterfaceOrientations_iPhone = "UIInterfaceOrientationPortrait UIInterfaceOrientationLandscapeLeft UIInterfaceOrientationLandscapeRight";
				LD_RUNPATH_SEARCH_PATHS = (
					"$(inherited)",
					"@executable_path/Frameworks",
				);
				MARKETING_VERSION = 1.0;
				PRODUCT_BUNDLE_IDENTIFIER = ViewController.test;
				PRODUCT_NAME = "$(TARGET_NAME)";
				SWIFT_EMIT_LOC_STRINGS = YES;
				SWIFT_VERSION = 5.0;
				TARGETED_DEVICE_FAMILY = "1,2";
			};
			name = Release;
		};
/* End XCBuildConfiguration section */

/* Begin XCConfigurationList section */
		465AA08A295BFAD300F9052E /* Build configuration list for PBXProject "test" */ = {
			isa = XCConfigurationList;
			buildConfigurations = (
				465AA0A1295BFAD600F9052E /* Debug */,
				465AA0A2295BFAD600F9052E /* Release */,
			);
			defaultConfigurationIsVisible = 0;
			defaultConfigurationName = Release;
		};
		465AA0A3295BFAD600F9052E /* Build configuration list for PBXNativeTarget "test" */ = {
			isa = XCConfigurationList;
			buildConfigurations = (
				465AA0A4295BFAD600F9052E /* Debug */,
				465AA0A5295BFAD600F9052E /* Release */,
			);
			defaultConfigurationIsVisible = 0;
			defaultConfigurationName = Release;
		};
/* End XCConfigurationList section */
	};
	rootObject = 465AA087295BFAD300F9052E /* Project object */;
}
